# @generated by Move, please check-in and do not edit manually.

[move]
version = 3
manifest_digest = "79BB6FE5F9D3B54B7E3601A1D2D16CA0C0F9EC590C45FD8DE080A524195916F9"
deps_digest = "F8BBB0CCB2491CA29A3DF03D6F92277A4F3574266507ACD77214D37ECA3F3082"
dependencies = [
  { id = "Sui", name = "Sui" },
]

[[move.package]]
id = "MoveStdlib"
source = { git = "https://github.com/MystenLabs/sui.git", rev = "framework/testnet", subdir = "crates/sui-framework/packages/move-stdlib" }

[[move.package]]
id = "Sui"
source = { git = "https://github.com/MystenLabs/sui.git", rev = "framework/testnet", subdir = "crates/sui-framework/packages/sui-framework" }

dependencies = [
  { id = "MoveStdlib", name = "MoveStdlib" },
]

[move.toolchain-version]
compiler-version = "1.45.2"
edition = "2024.beta"
flavor = "sui"

[env]

[env.devnet]
chain-id = "053c32ad"
original-published-id = "0xdf2313d72fb23415e5240c767a6fa9023029ce168f5881c2c904866bf26dec83"
latest-published-id = "0xdf2313d72fb23415e5240c767a6fa9023029ce168f5881c2c904866bf26dec83"
published-version = "1"
